{
    "hash": "ac62afe6131e80b1fb433c716f95c5cb",
    "packages": [
        {
            "name": "symfony/options-resolver",
            "version": "2.1.x-dev",
            "target-dir": "Symfony/Component/OptionsResolver",
            "source": {
                "type": "git",
                "url": "https://github.com/symfony/OptionsResolver",
                "reference": "1ee199a5be56f5d40306838a75b9cff05896e660"
            },
            "dist": {
                "type": "zip",
                "url": "https://github.com/symfony/OptionsResolver/zipball/1ee199a5be56f5d40306838a75b9cff05896e660",
                "reference": "1ee199a5be56f5d40306838a75b9cff05896e660",
                "shasum": ""
            },
            "require": {
                "php": ">=5.3.3"
            },
            "time": "1349363877",
            "type": "library",
            "extra": {
                "branch-alias": {
                    "dev-master": "2.1-dev"
                }
            },
            "installation-source": "source",
            "autoload": {
                "psr-0": {
                    "Symfony\\Component\\OptionsResolver": ""
                }
            },
            "license": [
                "MIT"
            ],
            "authors": [
                {
                    "name": "Fabien Potencier",
                    "email": "fabien@symfony.com"
                },
                {
                    "name": "Symfony Community",
                    "homepage": "http://symfony.com/contributors"
                }
            ],
            "description": "Symfony OptionsResolver Component",
            "homepage": "http://symfony.com",
            "keywords": [
                "configuration",
                "config",
                "options"
            ]
        }
    ],
    "packages-dev": null,
    "aliases": [

    ],
    "minimum-stability": "dev",
    "stability-flags": [

    ]
}
